// !$*UTF8*$!
{
	archiveVersion = 1;
	classes = {
	};
	objectVersion = 56;
	objects = {

/* Begin PBXBuildFile section */
		8E193E942D6E360A00D05606 /* loqoApp.swift in Sources */ = {isa = PBXBuildFile; fileRef = 8E193E932D6E360A00D05606 /* loqoApp.swift */; };
		8E193E962D6E360A00D05606 /* ContentView.swift in Sources */ = {isa = PBXBuildFile; fileRef = 8E193E952D6E360A00D05606 /* ContentView.swift */; };
		8E193E982D6E360B00D05606 /* Assets.xcassets in Resources */ = {isa = PBXBuildFile; fileRef = 8E193E972D6E360B00D05606 /* Assets.xcassets */; };
		8E193E9C2D6E360B00D05606 /* Preview Assets.xcassets in Resources */ = {isa = PBXBuildFile; fileRef = 8E193E9B2D6E360B00D05606 /* Preview Assets.xcassets */; };
		8E193EA62D6E360B00D05606 /* loqoTests.swift in Sources */ = {isa = PBXBuildFile; fileRef = 8E193EA52D6E360B00D05606 /* loqoTests.swift */; };
		8E193EB02D6E360B00D05606 /* loqoUITests.swift in Sources */ = {isa = PBXBuildFile; fileRef = 8E193EAF2D6E360B00D05606 /* loqoUITests.swift */; };
		8E193EB22D6E360B00D05606 /* loqoUITestsLaunchTests.swift in Sources */ = {isa = PBXBuildFile; fileRef = 8E193EB12D6E360B00D05606 /* loqoUITestsLaunchTests.swift */; };
		8E193EBF2D6E3ABA00D05606 /* HomeView.swift in Sources */ = {isa = PBXBuildFile; fileRef = 8E193EBE2D6E3ABA00D05606 /* HomeView.swift */; };
		8E193EC12D6E3CB400D05606 /* Product.swift in Sources */ = {isa = PBXBuildFile; fileRef = 8E193EC02D6E3CB400D05606 /* Product.swift */; };
		8E193EC32D6E3DD500D05606 /* CartView.swift in Sources */ = {isa = PBXBuildFile; fileRef = 8E193EC22D6E3DD500D05606 /* CartView.swift */; };
		8E193EC52D6E3F3800D05606 /* ProductCard.swift in Sources */ = {isa = PBXBuildFile; fileRef = 8E193EC42D6E3F3800D05606 /* ProductCard.swift */; };
		8E193EC72D6E3FBB00D05606 /* ProductDetailView.swift in Sources */ = {isa = PBXBuildFile; fileRef = 8E193EC62D6E3FBB00D05606 /* ProductDetailView.swift */; };
/* End PBXBuildFile section */

/* Begin PBXContainerItemProxy section */
		8E193EA22D6E360B00D05606 /* PBXContainerItemProxy */ = {
			isa = PBXContainerItemProxy;
			containerPortal = 8E193E882D6E360A00D05606 /* Project object */;
			proxyType = 1;
			remoteGlobalIDString = 8E193E8F2D6E360A00D05606;
			remoteInfo = loqo;
		};
		8E193EAC2D6E360B00D05606 /* PBXContainerItemProxy */ = {
			isa = PBXContainerItemProxy;
			containerPortal = 8E193E882D6E360A00D05606 /* Project object */;
			proxyType = 1;
			remoteGlobalIDString = 8E193E8F2D6E360A00D05606;
			remoteInfo = loqo;
		};
/* End PBXContainerItemProxy section */

/* Begin PBXFileReference section */
		8E193E902D6E360A00D05606 /* loqo.app */ = {isa = PBXFileReference; explicitFileType = wrapper.application; includeInIndex = 0; path = loqo.app; sourceTree = BUILT_PRODUCTS_DIR; };
		8E193E932D6E360A00D05606 /* loqoApp.swift */ = {isa = PBXFileReference; lastKnownFileType = sourcecode.swift; path = loqoApp.swift; sourceTree = "<group>"; };
		8E193E952D6E360A00D05606 /* ContentView.swift */ = {isa = PBXFileReference; lastKnownFileType = sourcecode.swift; path = ContentView.swift; sourceTree = "<group>"; };
		8E193E972D6E360B00D05606 /* Assets.xcassets */ = {isa = PBXFileReference; lastKnownFileType = folder.assetcatalog; path = Assets.xcassets; sourceTree = "<group>"; };
		8E193E992D6E360B00D05606 /* loqo.entitlements */ = {isa = PBXFileReference; lastKnownFileType = text.plist.entitlements; path = loqo.entitlements; sourceTree = "<group>"; };
		8E193E9B2D6E360B00D05606 /* Preview Assets.xcassets */ = {isa = PBXFileReference; lastKnownFileType = folder.assetcatalog; path = "Preview Assets.xcassets"; sourceTree = "<group>"; };
		8E193EA12D6E360B00D05606 /* loqoTests.xctest */ = {isa = PBXFileReference; explicitFileType = wrapper.cfbundle; includeInIndex = 0; path = loqoTests.xctest; sourceTree = BUILT_PRODUCTS_DIR; };
		8E193EA52D6E360B00D05606 /* loqoTests.swift */ = {isa = PBXFileReference; lastKnownFileType = sourcecode.swift; path = loqoTests.swift; sourceTree = "<group>"; };
		8E193EAB2D6E360B00D05606 /* loqoUITests.xctest */ = {isa = PBXFileReference; explicitFileType = wrapper.cfbundle; includeInIndex = 0; path = loqoUITests.xctest; sourceTree = BUILT_PRODUCTS_DIR; };
		8E193EAF2D6E360B00D05606 /* loqoUITests.swift */ = {isa = PBXFileReference; lastKnownFileType = sourcecode.swift; path = loqoUITests.swift; sourceTree = "<group>"; };
		8E193EB12D6E360B00D05606 /* loqoUITestsLaunchTests.swift */ = {isa = PBXFileReference; lastKnownFileType = sourcecode.swift; path = loqoUITestsLaunchTests.swift; sourceTree = "<group>"; };
		8E193EBE2D6E3ABA00D05606 /* HomeView.swift */ = {isa = PBXFileReference; lastKnownFileType = sourcecode.swift; path = HomeView.swift; sourceTree = "<group>"; };
		8E193EC02D6E3CB400D05606 /* Product.swift */ = {isa = PBXFileReference; lastKnownFileType = sourcecode.swift; path = Product.swift; sourceTree = "<group>"; };
		8E193EC22D6E3DD500D05606 /* CartView.swift */ = {isa = PBXFileReference; lastKnownFileType = sourcecode.swift; path = CartView.swift; sourceTree = "<group>"; };
		8E193EC42D6E3F3800D05606 /* ProductCard.swift */ = {isa = PBXFileReference; lastKnownFileType = sourcecode.swift; path = ProductCard.swift; sourceTree = "<group>"; };
		8E193EC62D6E3FBB00D05606 /* ProductDetailView.swift */ = {isa = PBXFileReference; lastKnownFileType = sourcecode.swift; path = ProductDetailView.swift; sourceTree = "<group>"; };
/* End PBXFileReference section */

/* Begin PBXFrameworksBuildPhase section */
		8E193E8D2D6E360A00D05606 /* Frameworks */ = {
			isa = PBXFrameworksBuildPhase;
			buildActionMask = 2147483647;
			files = (
			);
			runOnlyForDeploymentPostprocessing = 0;
		};
		8E193E9E2D6E360B00D05606 /* Frameworks */ = {
			isa = PBXFrameworksBuildPhase;
			buildActionMask = 2147483647;
			files = (
			);
			runOnlyForDeploymentPostprocessing = 0;
		};
		8E193EA82D6E360B00D05606 /* Frameworks */ = {
			isa = PBXFrameworksBuildPhase;
			buildActionMask = 2147483647;
			files = (
			);
			runOnlyForDeploymentPostprocessing = 0;
		};
/* End PBXFrameworksBuildPhase section */

/* Begin PBXGroup section */
		8E193E872D6E360A00D05606 = {
			isa = PBXGroup;
			children = (
				8E193E922D6E360A00D05606 /* loqo */,
				8E193EA42D6E360B00D05606 /* loqoTests */,
				8E193EAE2D6E360B00D05606 /* loqoUITests */,
				8E193E912D6E360A00D05606 /* Products */,
			);
			sourceTree = "<group>";
		};
		8E193E912D6E360A00D05606 /* Products */ = {
			isa = PBXGroup;
			children = (
				8E193E902D6E360A00D05606 /* loqo.app */,
				8E193EA12D6E360B00D05606 /* loqoTests.xctest */,
				8E193EAB2D6E360B00D05606 /* loqoUITests.xctest */,
			);
			name = Products;
			sourceTree = "<group>";
		};
		8E193E922D6E360A00D05606 /* loqo */ = {
			isa = PBXGroup;
			children = (
				8E193E932D6E360A00D05606 /* loqoApp.swift */,
				8E193E952D6E360A00D05606 /* ContentView.swift */,
				8E193E972D6E360B00D05606 /* Assets.xcassets */,
				8E193E992D6E360B00D05606 /* loqo.entitlements */,
				8E193E9A2D6E360B00D05606 /* Preview Content */,
				8E193EBE2D6E3ABA00D05606 /* HomeView.swift */,
				8E193EC02D6E3CB400D05606 /* Product.swift */,
				8E193EC22D6E3DD500D05606 /* CartView.swift */,
				8E193EC42D6E3F3800D05606 /* ProductCard.swift */,
				8E193EC62D6E3FBB00D05606 /* ProductDetailView.swift */,
			);
			path = loqo;
			sourceTree = "<group>";
		};
		8E193E9A2D6E360B00D05606 /* Preview Content */ = {
			isa = PBXGroup;
			children = (
				8E193E9B2D6E360B00D05606 /* Preview Assets.xcassets */,
			);
			path = "Preview Content";
			sourceTree = "<group>";
		};
		8E193EA42D6E360B00D05606 /* loqoTests */ = {
			isa = PBXGroup;
			children = (
				8E193EA52D6E360B00D05606 /* loqoTests.swift */,
			);
			path = loqoTests;
			sourceTree = "<group>";
		};
		8E193EAE2D6E360B00D05606 /* loqoUITests */ = {
			isa = PBXGroup;
			children = (
				8E193EAF2D6E360B00D05606 /* loqoUITests.swift */,
				8E193EB12D6E360B00D05606 /* loqoUITestsLaunchTests.swift */,
			);
			path = loqoUITests;
			sourceTree = "<group>";
		};
/* End PBXGroup section */

/* Begin PBXNativeTarget section */
		8E193E8F2D6E360A00D05606 /* loqo */ = {
			isa = PBXNativeTarget;
			buildConfigurationList = 8E193EB52D6E360B00D05606 /* Build configuration list for PBXNativeTarget "loqo" */;
			buildPhases = (
				8E193E8C2D6E360A00D05606 /* Sources */,
				8E193E8D2D6E360A00D05606 /* Frameworks */,
				8E193E8E2D6E360A00D05606 /* Resources */,
			);
			buildRules = (
			);
			dependencies = (
			);
			name = loqo;
			productName = loqo;
			productReference = 8E193E902D6E360A00D05606 /* loqo.app */;
			productType = "com.apple.product-type.application";
		};
		8E193EA02D6E360B00D05606 /* loqoTests */ = {
			isa = PBXNativeTarget;
			buildConfigurationList = 8E193EB82D6E360B00D05606 /* Build configuration list for PBXNativeTarget "loqoTests" */;
			buildPhases = (
				8E193E9D2D6E360B00D05606 /* Sources */,
				8E193E9E2D6E360B00D05606 /* Frameworks */,
				8E193E9F2D6E360B00D05606 /* Resources */,
			);
			buildRules = (
			);
			dependencies = (
				8E193EA32D6E360B00D05606 /* PBXTargetDependency */,
			);
			name = loqoTests;
			productName = loqoTests;
			productReference = 8E193EA12D6E360B00D05606 /* loqoTests.xctest */;
			productType = "com.apple.product-type.bundle.unit-test";
		};
		8E193EAA2D6E360B00D05606 /* loqoUITests */ = {
			isa = PBXNativeTarget;
			buildConfigurationList = 8E193EBB2D6E360B00D05606 /* Build configuration list for PBXNativeTarget "loqoUITests" */;
			buildPhases = (
				8E193EA72D6E360B00D05606 /* Sources */,
				8E193EA82D6E360B00D05606 /* Frameworks */,
				8E193EA92D6E360B00D05606 /* Resources */,
			);
			buildRules = (
			);
			dependencies = (
				8E193EAD2D6E360B00D05606 /* PBXTargetDependency */,
			);
			name = loqoUITests;
			productName = loqoUITests;
			productReference = 8E193EAB2D6E360B00D05606 /* loqoUITests.xctest */;
			productType = "com.apple.product-type.bundle.ui-testing";
		};
/* End PBXNativeTarget section */

/* Begin PBXProject section */
		8E193E882D6E360A00D05606 /* Project object */ = {
			isa = PBXProject;
			attributes = {
				BuildIndependentTargetsInParallel = 1;
				LastSwiftUpdateCheck = 1430;
				LastUpgradeCheck = 1430;
				TargetAttributes = {
					8E193E8F2D6E360A00D05606 = {
						CreatedOnToolsVersion = 14.3.1;
					};
					8E193EA02D6E360B00D05606 = {
						CreatedOnToolsVersion = 14.3.1;
						TestTargetID = 8E193E8F2D6E360A00D05606;
					};
					8E193EAA2D6E360B00D05606 = {
						CreatedOnToolsVersion = 14.3.1;
						TestTargetID = 8E193E8F2D6E360A00D05606;
					};
				};
			};
			buildConfigurationList = 8E193E8B2D6E360A00D05606 /* Build configuration list for PBXProject "loqo" */;
			compatibilityVersion = "Xcode 14.0";
			developmentRegion = en;
			hasScannedForEncodings = 0;
			knownRegions = (
				en,
				Base,
			);
			mainGroup = 8E193E872D6E360A00D05606;
			productRefGroup = 8E193E912D6E360A00D05606 /* Products */;
			projectDirPath = "";
			projectRoot = "";
			targets = (
				8E193E8F2D6E360A00D05606 /* loqo */,
				8E193EA02D6E360B00D05606 /* loqoTests */,
				8E193EAA2D6E360B00D05606 /* loqoUITests */,
			);
		};
/* End PBXProject section */

/* Begin PBXResourcesBuildPhase section */
		8E193E8E2D6E360A00D05606 /* Resources */ = {
			isa = PBXResourcesBuildPhase;
			buildActionMask = 2147483647;
			files = (
				8E193E9C2D6E360B00D05606 /* Preview Assets.xcassets in Resources */,
				8E193E982D6E360B00D05606 /* Assets.xcassets in Resources */,
			);
			runOnlyForDeploymentPostprocessing = 0;
		};
		8E193E9F2D6E360B00D05606 /* Resources */ = {
			isa = PBXResourcesBuildPhase;
			buildActionMask = 2147483647;
			files = (
			);
			runOnlyForDeploymentPostprocessing = 0;
		};
		8E193EA92D6E360B00D05606 /* Resources */ = {
			isa = PBXResourcesBuildPhase;
			buildActionMask = 2147483647;
			files = (
			);
			runOnlyForDeploymentPostprocessing = 0;
		};
/* End PBXResourcesBuildPhase section */

/* Begin PBXSourcesBuildPhase section */
		8E193E8C2D6E360A00D05606 /* Sources */ = {
			isa = PBXSourcesBuildPhase;
			buildActionMask = 2147483647;
			files = (
				8E193EC32D6E3DD500D05606 /* CartView.swift in Sources */,
				8E193EC72D6E3FBB00D05606 /* ProductDetailView.swift in Sources */,
				8E193EBF2D6E3ABA00D05606 /* HomeView.swift in Sources */,
				8E193EC12D6E3CB400D05606 /* Product.swift in Sources */,
				8E193E962D6E360A00D05606 /* ContentView.swift in Sources */,
				8E193E942D6E360A00D05606 /* loqoApp.swift in Sources */,
				8E193EC52D6E3F3800D05606 /* ProductCard.swift in Sources */,
			);
			runOnlyForDeploymentPostprocessing = 0;
		};
		8E193E9D2D6E360B00D05606 /* Sources */ = {
			isa = PBXSourcesBuildPhase;
			buildActionMask = 2147483647;
			files = (
				8E193EA62D6E360B00D05606 /* loqoTests.swift in Sources */,
			);
			runOnlyForDeploymentPostprocessing = 0;
		};
		8E193EA72D6E360B00D05606 /* Sources */ = {
			isa = PBXSourcesBuildPhase;
			buildActionMask = 2147483647;
			files = (
				8E193EB02D6E360B00D05606 /* loqoUITests.swift in Sources */,
				8E193EB22D6E360B00D05606 /* loqoUITestsLaunchTests.swift in Sources */,
			);
			runOnlyForDeploymentPostprocessing = 0;
		};
/* End PBXSourcesBuildPhase section */

/* Begin PBXTargetDependency section */
		8E193EA32D6E360B00D05606 /* PBXTargetDependency */ = {
			isa = PBXTargetDependency;
			target = 8E193E8F2D6E360A00D05606 /* loqo */;
			targetProxy = 8E193EA22D6E360B00D05606 /* PBXContainerItemProxy */;
		};
		8E193EAD2D6E360B00D05606 /* PBXTargetDependency */ = {
			isa = PBXTargetDependency;
			target = 8E193E8F2D6E360A00D05606 /* loqo */;
			targetProxy = 8E193EAC2D6E360B00D05606 /* PBXContainerItemProxy */;
		};
/* End PBXTargetDependency section */

/* Begin XCBuildConfiguration section */
		8E193EB32D6E360B00D05606 /* Debug */ = {
			isa = XCBuildConfiguration;
			buildSettings = {
				ALWAYS_SEARCH_USER_PATHS = NO;
				CLANG_ANALYZER_NONNULL = YES;
				CLANG_ANALYZER_NUMBER_OBJECT_CONVERSION = YES_AGGRESSIVE;
				CLANG_CXX_LANGUAGE_STANDARD = "gnu++20";
				CLANG_ENABLE_MODULES = YES;
				CLANG_ENABLE_OBJC_ARC = YES;
				CLANG_ENABLE_OBJC_WEAK = YES;
				CLANG_WARN_BLOCK_CAPTURE_AUTORELEASING = YES;
				CLANG_WARN_BOOL_CONVERSION = YES;
				CLANG_WARN_COMMA = YES;
				CLANG_WARN_CONSTANT_CONVERSION = YES;
				CLANG_WARN_DEPRECATED_OBJC_IMPLEMENTATIONS = YES;
				CLANG_WARN_DIRECT_OBJC_ISA_USAGE = YES_ERROR;
				CLANG_WARN_DOCUMENTATION_COMMENTS = YES;
				CLANG_WARN_EMPTY_BODY = YES;
				CLANG_WARN_ENUM_CONVERSION = YES;
				CLANG_WARN_INFINITE_RECURSION = YES;
				CLANG_WARN_INT_CONVERSION = YES;
				CLANG_WARN_NON_LITERAL_NULL_CONVERSION = YES;
				CLANG_WARN_OBJC_IMPLICIT_RETAIN_SELF = YES;
				CLANG_WARN_OBJC_LITERAL_CONVERSION = YES;
				CLANG_WARN_OBJC_ROOT_CLASS = YES_ERROR;
				CLANG_WARN_QUOTED_INCLUDE_IN_FRAMEWORK_HEADER = YES;
				CLANG_WARN_RANGE_LOOP_ANALYSIS = YES;
				CLANG_WARN_STRICT_PROTOTYPES = YES;
				CLANG_WARN_SUSPICIOUS_MOVE = YES;
				CLANG_WARN_UNGUARDED_AVAILABILITY = YES_AGGRESSIVE;
				CLANG_WARN_UNREACHABLE_CODE = YES;
				CLANG_WARN__DUPLICATE_METHOD_MATCH = YES;
				COPY_PHASE_STRIP = NO;
				DEBUG_INFORMATION_FORMAT = dwarf;
				ENABLE_STRICT_OBJC_MSGSEND = YES;
				ENABLE_TESTABILITY = YES;
				GCC_C_LANGUAGE_STANDARD = gnu11;
				GCC_DYNAMIC_NO_PIC = NO;
				GCC_NO_COMMON_BLOCKS = YES;
				GCC_OPTIMIZATION_LEVEL = 0;
				GCC_PREPROCESSOR_DEFINITIONS = (
					"DEBUG=1",
					"$(inherited)",
				);
				GCC_WARN_64_TO_32_BIT_CONVERSION = YES;
				GCC_WARN_ABOUT_RETURN_TYPE = YES_ERROR;
				GCC_WARN_UNDECLARED_SELECTOR = YES;
				GCC_WARN_UNINITIALIZED_AUTOS = YES_AGGRESSIVE;
				GCC_WARN_UNUSED_FUNCTION = YES;
				GCC_WARN_UNUSED_VARIABLE = YES;
				MTL_ENABLE_DEBUG_INFO = INCLUDE_SOURCE;
				MTL_FAST_MATH = YES;
				ONLY_ACTIVE_ARCH = YES;
				SWIFT_ACTIVE_COMPILATION_CONDITIONS = DEBUG;
				SWIFT_OPTIMIZATION_LEVEL = "-Onone";
			};
			name = Debug;
		};
		8E193EB42D6E360B00D05606 /* Release */ = {
			isa = XCBuildConfiguration;
			buildSettings = {
				ALWAYS_SEARCH_USER_PATHS = NO;
				CLANG_ANALYZER_NONNULL = YES;
				CLANG_ANALYZER_NUMBER_OBJECT_CONVERSION = YES_AGGRESSIVE;
				CLANG_CXX_LANGUAGE_STANDARD = "gnu++20";
				CLANG_ENABLE_MODULES = YES;
				CLANG_ENABLE_OBJC_ARC = YES;
				CLANG_ENABLE_OBJC_WEAK = YES;
				CLANG_WARN_BLOCK_CAPTURE_AUTORELEASING = YES;
				CLANG_WARN_BOOL_CONVERSION = YES;
				CLANG_WARN_COMMA = YES;
				CLANG_WARN_CONSTANT_CONVERSION = YES;
				CLANG_WARN_DEPRECATED_OBJC_IMPLEMENTATIONS = YES;
				CLANG_WARN_DIRECT_OBJC_ISA_USAGE = YES_ERROR;
				CLANG_WARN_DOCUMENTATION_COMMENTS = YES;
				CLANG_WARN_EMPTY_BODY = YES;
				CLANG_WARN_ENUM_CONVERSION = YES;
				CLANG_WARN_INFINITE_RECURSION = YES;
				CLANG_WARN_INT_CONVERSION = YES;
				CLANG_WARN_NON_LITERAL_NULL_CONVERSION = YES;
				CLANG_WARN_OBJC_IMPLICIT_RETAIN_SELF = YES;
				CLANG_WARN_OBJC_LITERAL_CONVERSION = YES;
				CLANG_WARN_OBJC_ROOT_CLASS = YES_ERROR;
				CLANG_WARN_QUOTED_INCLUDE_IN_FRAMEWORK_HEADER = YES;
				CLANG_WARN_RANGE_LOOP_ANALYSIS = YES;
				CLANG_WARN_STRICT_PROTOTYPES = YES;
				CLANG_WARN_SUSPICIOUS_MOVE = YES;
				CLANG_WARN_UNGUARDED_AVAILABILITY = YES_AGGRESSIVE;
				CLANG_WARN_UNREACHABLE_CODE = YES;
				CLANG_WARN__DUPLICATE_METHOD_MATCH = YES;
				COPY_PHASE_STRIP = NO;
				DEBUG_INFORMATION_FORMAT = "dwarf-with-dsym";
				ENABLE_NS_ASSERTIONS = NO;
				ENABLE_STRICT_OBJC_MSGSEND = YES;
				GCC_C_LANGUAGE_STANDARD = gnu11;
				GCC_NO_COMMON_BLOCKS = YES;
				GCC_WARN_64_TO_32_BIT_CONVERSION = YES;
				GCC_WARN_ABOUT_RETURN_TYPE = YES_ERROR;
				GCC_WARN_UNDECLARED_SELECTOR = YES;
				GCC_WARN_UNINITIALIZED_AUTOS = YES_AGGRESSIVE;
				GCC_WARN_UNUSED_FUNCTION = YES;
				GCC_WARN_UNUSED_VARIABLE = YES;
				MTL_ENABLE_DEBUG_INFO = NO;
				MTL_FAST_MATH = YES;
				SWIFT_COMPILATION_MODE = wholemodule;
				SWIFT_OPTIMIZATION_LEVEL = "-O";
			};
			name = Release;
		};
		8E193EB62D6E360B00D05606 /* Debug */ = {
			isa = XCBuildConfiguration;
			buildSettings = {
				ASSETCATALOG_COMPILER_APPICON_NAME = AppIcon;
				ASSETCATALOG_COMPILER_GLOBAL_ACCENT_COLOR_NAME = AccentColor;
				CODE_SIGN_ENTITLEMENTS = loqo/loqo.entitlements;
				CODE_SIGN_STYLE = Automatic;
				CURRENT_PROJECT_VERSION = 1;
				DEVELOPMENT_ASSET_PATHS = "\"loqo/Preview Content\"";
				ENABLE_PREVIEWS = YES;
				GENERATE_INFOPLIST_FILE = YES;
				"INFOPLIST_KEY_UIApplicationSceneManifest_Generation[sdk=iphoneos*]" = YES;
				"INFOPLIST_KEY_UIApplicationSceneManifest_Generation[sdk=iphonesimulator*]" = YES;
				"INFOPLIST_KEY_UIApplicationSupportsIndirectInputEvents[sdk=iphoneos*]" = YES;
				"INFOPLIST_KEY_UIApplicationSupportsIndirectInputEvents[sdk=iphonesimulator*]" = YES;
				"INFOPLIST_KEY_UILaunchScreen_Generation[sdk=iphoneos*]" = YES;
				"INFOPLIST_KEY_UILaunchScreen_Generation[sdk=iphonesimulator*]" = YES;
				"INFOPLIST_KEY_UIStatusBarStyle[sdk=iphoneos*]" = UIStatusBarStyleDefault;
				"INFOPLIST_KEY_UIStatusBarStyle[sdk=iphonesimulator*]" = UIStatusBarStyleDefault;
				INFOPLIST_KEY_UISupportedInterfaceOrientations_iPad = "UIInterfaceOrientationPortrait UIInterfaceOrientationPortraitUpsideDown UIInterfaceOrientationLandscapeLeft UIInterfaceOrientationLandscapeRight";
				INFOPLIST_KEY_UISupportedInterfaceOrientations_iPhone = "UIInterfaceOrientationPortrait UIInterfaceOrientationLandscapeLeft UIInterfaceOrientationLandscapeRight";
				IPHONEOS_DEPLOYMENT_TARGET = 16.4;
				LD_RUNPATH_SEARCH_PATHS = "@executable_path/Frameworks";
				"LD_RUNPATH_SEARCH_PATHS[sdk=macosx*]" = "@executable_path/../Frameworks";
				MACOSX_DEPLOYMENT_TARGET = 13.3;
				MARKETING_VERSION = 1.0;
				PRODUCT_BUNDLE_IDENTIFIER = com.georgebrown.loqo;
				PRODUCT_NAME = "$(TARGET_NAME)";
				SDKROOT = auto;
				SUPPORTED_PLATFORMS = "iphoneos iphonesimulator macosx";
				SWIFT_EMIT_LOC_STRINGS = YES;
				SWIFT_VERSION = 5.0;
				TARGETED_DEVICE_FAMILY = "1,2";
			};
			name = Debug;
		};
		8E193EB72D6E360B00D05606 /* Release */ = {
			isa = XCBuildConfiguration;
			buildSettings = {
				ASSETCATALOG_COMPILER_APPICON_NAME = AppIcon;
				ASSETCATALOG_COMPILER_GLOBAL_ACCENT_COLOR_NAME = AccentColor;
				CODE_SIGN_ENTITLEMENTS = loqo/loqo.entitlements;
				CODE_SIGN_STYLE = Automatic;
				CURRENT_PROJECT_VERSION = 1;
				DEVELOPMENT_ASSET_PATHS = "\"loqo/Preview Content\"";
				ENABLE_PREVIEWS = YES;
				GENERATE_INFOPLIST_FILE = YES;
				"INFOPLIST_KEY_UIApplicationSceneManifest_Generation[sdk=iphoneos*]" = YES;
				"INFOPLIST_KEY_UIApplicationSceneManifest_Generation[sdk=iphonesimulator*]" = YES;
				"INFOPLIST_KEY_UIApplicationSupportsIndirectInputEvents[sdk=iphoneos*]" = YES;
				"INFOPLIST_KEY_UIApplicationSupportsIndirectInputEvents[sdk=iphonesimulator*]" = YES;
				"INFOPLIST_KEY_UILaunchScreen_Generation[sdk=iphoneos*]" = YES;
				"INFOPLIST_KEY_UILaunchScreen_Generation[sdk=iphonesimulator*]" = YES;
				"INFOPLIST_KEY_UIStatusBarStyle[sdk=iphoneos*]" = UIStatusBarStyleDefault;
				"INFOPLIST_KEY_UIStatusBarStyle[sdk=iphonesimulator*]" = UIStatusBarStyleDefault;
				INFOPLIST_KEY_UISupportedInterfaceOrientations_iPad = "UIInterfaceOrientationPortrait UIInterfaceOrientationPortraitUpsideDown UIInterfaceOrientationLandscapeLeft UIInterfaceOrientationLandscapeRight";
				INFOPLIST_KEY_UISupportedInterfaceOrientations_iPhone = "UIInterfaceOrientationPortrait UIInterfaceOrientationLandscapeLeft UIInterfaceOrientationLandscapeRight";
				IPHONEOS_DEPLOYMENT_TARGET = 16.4;
				LD_RUNPATH_SEARCH_PATHS = "@executable_path/Frameworks";
				"LD_RUNPATH_SEARCH_PATHS[sdk=macosx*]" = "@executable_path/../Frameworks";
				MACOSX_DEPLOYMENT_TARGET = 13.3;
				MARKETING_VERSION = 1.0;
				PRODUCT_BUNDLE_IDENTIFIER = com.georgebrown.loqo;
				PRODUCT_NAME = "$(TARGET_NAME)";
				SDKROOT = auto;
				SUPPORTED_PLATFORMS = "iphoneos iphonesimulator macosx";
				SWIFT_EMIT_LOC_STRINGS = YES;
				SWIFT_VERSION = 5.0;
				TARGETED_DEVICE_FAMILY = "1,2";
			};
			name = Release;
		};
		8E193EB92D6E360B00D05606 /* Debug */ = {
			isa = XCBuildConfiguration;
			buildSettings = {
				ALWAYS_EMBED_SWIFT_STANDARD_LIBRARIES = YES;
				BUNDLE_LOADER = "$(TEST_HOST)";
				CODE_SIGN_STYLE = Automatic;
				CURRENT_PROJECT_VERSION = 1;
				GENERATE_INFOPLIST_FILE = YES;
				IPHONEOS_DEPLOYMENT_TARGET = 16.4;
				MACOSX_DEPLOYMENT_TARGET = 13.3;
				MARKETING_VERSION = 1.0;
				PRODUCT_BUNDLE_IDENTIFIER = com.georgebrown.loqoTests;
				PRODUCT_NAME = "$(TARGET_NAME)";
				SDKROOT = auto;
				SUPPORTED_PLATFORMS = "iphoneos iphonesimulator macosx";
				SWIFT_EMIT_LOC_STRINGS = NO;
				SWIFT_VERSION = 5.0;
				TARGETED_DEVICE_FAMILY = "1,2";
				TEST_HOST = "$(BUILT_PRODUCTS_DIR)/loqo.app/$(BUNDLE_EXECUTABLE_FOLDER_PATH)/loqo";
			};
			name = Debug;
		};
		8E193EBA2D6E360B00D05606 /* Release */ = {
			isa = XCBuildConfiguration;
			buildSettings = {
				ALWAYS_EMBED_SWIFT_STANDARD_LIBRARIES = YES;
				BUNDLE_LOADER = "$(TEST_HOST)";
				CODE_SIGN_STYLE = Automatic;
				CURRENT_PROJECT_VERSION = 1;
				GENERATE_INFOPLIST_FILE = YES;
				IPHONEOS_DEPLOYMENT_TARGET = 16.4;
				MACOSX_DEPLOYMENT_TARGET = 13.3;
				MARKETING_VERSION = 1.0;
				PRODUCT_BUNDLE_IDENTIFIER = com.georgebrown.loqoTests;
				PRODUCT_NAME = "$(TARGET_NAME)";
				SDKROOT = auto;
				SUPPORTED_PLATFORMS = "iphoneos iphonesimulator macosx";
				SWIFT_EMIT_LOC_STRINGS = NO;
				SWIFT_VERSION = 5.0;
				TARGETED_DEVICE_FAMILY = "1,2";
				TEST_HOST = "$(BUILT_PRODUCTS_DIR)/loqo.app/$(BUNDLE_EXECUTABLE_FOLDER_PATH)/loqo";
			};
			name = Release;
		};
		8E193EBC2D6E360B00D05606 /* Debug */ = {
			isa = XCBuildConfiguration;
			buildSettings = {
				ALWAYS_EMBED_SWIFT_STANDARD_LIBRARIES = YES;
				CODE_SIGN_STYLE = Automatic;
				CURRENT_PROJECT_VERSION = 1;
				GENERATE_INFOPLIST_FILE = YES;
				IPHONEOS_DEPLOYMENT_TARGET = 16.4;
				MACOSX_DEPLOYMENT_TARGET = 13.3;
				MARKETING_VERSION = 1.0;
				PRODUCT_BUNDLE_IDENTIFIER = com.georgebrown.loqoUITests;
				PRODUCT_NAME = "$(TARGET_NAME)";
				SDKROOT = auto;
				SUPPORTED_PLATFORMS = "iphoneos iphonesimulator macosx";
				SWIFT_EMIT_LOC_STRINGS = NO;
				SWIFT_VERSION = 5.0;
				TARGETED_DEVICE_FAMILY = "1,2";
				TEST_TARGET_NAME = loqo;
			};
			name = Debug;
		};
		8E193EBD2D6E360B00D05606 /* Release */ = {
			isa = XCBuildConfiguration;
			buildSettings = {
				ALWAYS_EMBED_SWIFT_STANDARD_LIBRARIES = YES;
				CODE_SIGN_STYLE = Automatic;
				CURRENT_PROJECT_VERSION = 1;
				GENERATE_INFOPLIST_FILE = YES;
				IPHONEOS_DEPLOYMENT_TARGET = 16.4;
				MACOSX_DEPLOYMENT_TARGET = 13.3;
				MARKETING_VERSION = 1.0;
				PRODUCT_BUNDLE_IDENTIFIER = com.georgebrown.loqoUITests;
				PRODUCT_NAME = "$(TARGET_NAME)";
				SDKROOT = auto;
				SUPPORTED_PLATFORMS = "iphoneos iphonesimulator macosx";
				SWIFT_EMIT_LOC_STRINGS = NO;
				SWIFT_VERSION = 5.0;
				TARGETED_DEVICE_FAMILY = "1,2";
				TEST_TARGET_NAME = loqo;
			};
			name = Release;
		};
/* End XCBuildConfiguration section */

/* Begin XCConfigurationList section */
		8E193E8B2D6E360A00D05606 /* Build configuration list for PBXProject "loqo" */ = {
			isa = XCConfigurationList;
			buildConfigurations = (
				8E193EB32D6E360B00D05606 /* Debug */,
				8E193EB42D6E360B00D05606 /* Release */,
			);
			defaultConfigurationIsVisible = 0;
			defaultConfigurationName = Release;
		};
		8E193EB52D6E360B00D05606 /* Build configuration list for PBXNativeTarget "loqo" */ = {
			isa = XCConfigurationList;
			buildConfigurations = (
				8E193EB62D6E360B00D05606 /* Debug */,
				8E193EB72D6E360B00D05606 /* Release */,
			);
			defaultConfigurationIsVisible = 0;
			defaultConfigurationName = Release;
		};
		8E193EB82D6E360B00D05606 /* Build configuration list for PBXNativeTarget "loqoTests" */ = {
			isa = XCConfigurationList;
			buildConfigurations = (
				8E193EB92D6E360B00D05606 /* Debug */,
				8E193EBA2D6E360B00D05606 /* Release */,
			);
			defaultConfigurationIsVisible = 0;
			defaultConfigurationName = Release;
		};
		8E193EBB2D6E360B00D05606 /* Build configuration list for PBXNativeTarget "loqoUITests" */ = {
			isa = XCConfigurationList;
			buildConfigurations = (
				8E193EBC2D6E360B00D05606 /* Debug */,
				8E193EBD2D6E360B00D05606 /* Release */,
			);
			defaultConfigurationIsVisible = 0;
			defaultConfigurationName = Release;
		};
/* End XCConfigurationList section */
	};
	rootObject = 8E193E882D6E360A00D05606 /* Project object */;
}
